
Microsoft Visual Studio Solution File, Format Version 12.00
# Visual Studio Version 17
VisualStudioVersion = 17.2.32616.157
MinimumVisualStudioVersion = 10.0.40219.1
Project("{FAE04EC0-301F-11D3-BF4B-00C04F79EFBC}") = "OfferCommonLibrary", "OfferCommonLibrary.csproj", "{8DDAD329-AB63-430C-93D3-88AF11CF1AA4}"
EndProject
Global
	GlobalSection(SolutionConfigurationPlatforms) = preSolution
		Debug|Any CPU = Debug|Any CPU
		Release|Any CPU = Release|Any CPU
	EndGlobalSection
	GlobalSection(ProjectConfigurationPlatforms) = postSolution
		{8DDAD329-AB63-430C-93D3-88AF11CF1AA4}.Debug|Any CPU.ActiveCfg = Debug|Any CPU
		{8DDAD329-AB63-430C-93D3-88AF11CF1AA4}.Debug|Any CPU.Build.0 = Debug|Any CPU
		{8DDAD329-AB63-430C-93D3-88AF11CF1AA4}.Release|Any CPU.ActiveCfg = Release|Any CPU
		{8DDAD329-AB63-430C-93D3-88AF11CF1AA4}.Release|Any CPU.Build.0 = Release|Any CPU
	EndGlobalSection
	GlobalSection(SolutionProperties) = preSolution
		HideSolutionNode = FALSE
	EndGlobalSection
	GlobalSection(ExtensibilityGlobals) = postSolution
		SolutionGuid = {90EDBF75-AD92-4F47-AD15-ACEBE1F1F533}
	EndGlobalSection
EndGlobal
